
Microsoft Visual Studio Solution File, Format Version 12.00
# Visual Studio Version 17
VisualStudioVersion = 17.2.32526.322
MinimumVisualStudioVersion = 10.0.40219.1
Project("{FAE04EC0-301F-11D3-BF4B-00C04F79EFBC}") = "Articulos.Winforms", "Articulos.Winforms\Articulos.Winforms.csproj", "{0D6C0386-A836-411B-BE6C-68762F3DB86A}"
EndProject
Global
	GlobalSection(SolutionConfigurationPlatforms) = preSolution
		Debug|Any CPU = Debug|Any CPU
		Release|Any CPU = Release|Any CPU
	EndGlobalSection
	GlobalSection(ProjectConfigurationPlatforms) = postSolution
		{0D6C0386-A836-411B-BE6C-68762F3DB86A}.Debug|Any CPU.ActiveCfg = Debug|Any CPU
		{0D6C0386-A836-411B-BE6C-68762F3DB86A}.Debug|Any CPU.Build.0 = Debug|Any CPU
		{0D6C0386-A836-411B-BE6C-68762F3DB86A}.Release|Any CPU.ActiveCfg = Release|Any CPU
		{0D6C0386-A836-411B-BE6C-68762F3DB86A}.Release|Any CPU.Build.0 = Release|Any CPU
	EndGlobalSection
	GlobalSection(SolutionProperties) = preSolution
		HideSolutionNode = FALSE
	EndGlobalSection
	GlobalSection(ExtensibilityGlobals) = postSolution
		SolutionGuid = {B2BE8143-1C0B-4F09-A2A4-24597B153DF0}
	EndGlobalSection
EndGlobal
